// !$*UTF8*$!
{
	archiveVersion = 1;
	classes = {
	};
	objectVersion = 56;
	objects = {

/* Begin PBXBuildFile section */
		57008DF82F1D6346008E3687 /* ProductivityStopwatchDeviceActivityReport.appex in Embed ExtensionKit Extensions */ = {isa = PBXBuildFile; fileRef = 57D34EF82F1C42C800FE92D8 /* ProductivityStopwatchDeviceActivityReport.appex */; settings = {ATTRIBUTES = (RemoveHeadersOnCopy, ); }; };
		57008DFD2F1D6396008E3687 /* AppInfo.swift in Sources */ = {isa = PBXBuildFile; fileRef = 57008DFC2F1D6396008E3687 /* AppInfo.swift */; };
		57008DFE2F1D7897008E3687 /* AppInfo.swift in Sources */ = {isa = PBXBuildFile; fileRef = 57008DFC2F1D6396008E3687 /* AppInfo.swift */; };
		57008DFF2F1D7898008E3687 /* AppInfo.swift in Sources */ = {isa = PBXBuildFile; fileRef = 57008DFC2F1D6396008E3687 /* AppInfo.swift */; };
		57008E012F1D9F4F008E3687 /* AppCatalog.swift in Sources */ = {isa = PBXBuildFile; fileRef = 57008E002F1D9F4F008E3687 /* AppCatalog.swift */; };
		571C1A1C2F0F44EB002D7753 /* ProductivityStopwatchApp.swift in Sources */ = {isa = PBXBuildFile; fileRef = 571C1A1B2F0F44EB002D7753 /* ProductivityStopwatchApp.swift */; };
		571C1A1E2F0F44EB002D7753 /* ContentView.swift in Sources */ = {isa = PBXBuildFile; fileRef = 571C1A1D2F0F44EB002D7753 /* ContentView.swift */; };
		571C1A202F0F44ED002D7753 /* Assets.xcassets in Resources */ = {isa = PBXBuildFile; fileRef = 571C1A1F2F0F44ED002D7753 /* Assets.xcassets */; };
		571C1A232F0F44ED002D7753 /* Preview Assets.xcassets in Resources */ = {isa = PBXBuildFile; fileRef = 571C1A222F0F44ED002D7753 /* Preview Assets.xcassets */; };
		571C1A2D2F0F44ED002D7753 /* ProductivityStopwatchTests.swift in Sources */ = {isa = PBXBuildFile; fileRef = 571C1A2C2F0F44ED002D7753 /* ProductivityStopwatchTests.swift */; };
		571C1A372F0F44ED002D7753 /* ProductivityStopwatchUITests.swift in Sources */ = {isa = PBXBuildFile; fileRef = 571C1A362F0F44ED002D7753 /* ProductivityStopwatchUITests.swift */; };
		571C1A392F0F44ED002D7753 /* ProductivityStopwatchUITestsLaunchTests.swift in Sources */ = {isa = PBXBuildFile; fileRef = 571C1A382F0F44ED002D7753 /* ProductivityStopwatchUITestsLaunchTests.swift */; };
		57D34ED62F1C398300FE92D8 /* AppGroup.swift in Sources */ = {isa = PBXBuildFile; fileRef = 57D34ED52F1C398300FE92D8 /* AppGroup.swift */; };
		57D34EDC2F1C3B0F00FE92D8 /* DeviceActivity.framework in Frameworks */ = {isa = PBXBuildFile; fileRef = 57DC71122F133E3E00A9CE3B /* DeviceActivity.framework */; };
		57D34EDF2F1C3B0F00FE92D8 /* DeviceActivityMonitorExtension.swift in Sources */ = {isa = PBXBuildFile; fileRef = 57D34EDE2F1C3B0F00FE92D8 /* DeviceActivityMonitorExtension.swift */; };
		57D34EE42F1C3B0F00FE92D8 /* ProductivityStopwatchDeviceActivityMonitor.appex in Embed Foundation Extensions */ = {isa = PBXBuildFile; fileRef = 57D34EDB2F1C3B0F00FE92D8 /* ProductivityStopwatchDeviceActivityMonitor.appex */; settings = {ATTRIBUTES = (RemoveHeadersOnCopy, ); }; };
		57D34EFB2F1C42C800FE92D8 /* ProductivityStopwatchDeviceActivityReport.swift in Sources */ = {isa = PBXBuildFile; fileRef = 57D34EFA2F1C42C800FE92D8 /* ProductivityStopwatchDeviceActivityReport.swift */; };
		57D34EFD2F1C42C800FE92D8 /* TotalActivityReport.swift in Sources */ = {isa = PBXBuildFile; fileRef = 57D34EFC2F1C42C800FE92D8 /* TotalActivityReport.swift */; };
		57D34EFF2F1C42C800FE92D8 /* TotalActivityView.swift in Sources */ = {isa = PBXBuildFile; fileRef = 57D34EFE2F1C42C800FE92D8 /* TotalActivityView.swift */; };
		57D34F0B2F1C446600FE92D8 /* AppGroup.swift in Sources */ = {isa = PBXBuildFile; fileRef = 57D34ED52F1C398300FE92D8 /* AppGroup.swift */; };
		57D34F0C2F1C446800FE92D8 /* AppGroup.swift in Sources */ = {isa = PBXBuildFile; fileRef = 57D34ED52F1C398300FE92D8 /* AppGroup.swift */; };
		57D34F0F2F1C4F1000FE92D8 /* MonitoringManager.swift in Sources */ = {isa = PBXBuildFile; fileRef = 57D34ED32F1C361D00FE92D8 /* MonitoringManager.swift */; };
		57D34F132F1C51EE00FE92D8 /* MonitoringManager.swift in Sources */ = {isa = PBXBuildFile; fileRef = 57D34ED32F1C361D00FE92D8 /* MonitoringManager.swift */; };
		57D34F142F1C51EE00FE92D8 /* MonitoringManager.swift in Sources */ = {isa = PBXBuildFile; fileRef = 57D34ED32F1C361D00FE92D8 /* MonitoringManager.swift */; };
		57DC71272F13418A00A9CE3B /* AuthorizationView.swift in Sources */ = {isa = PBXBuildFile; fileRef = 57DC71262F13418A00A9CE3B /* AuthorizationView.swift */; };
/* End PBXBuildFile section */

/* Begin PBXContainerItemProxy section */
		57008DF92F1D6346008E3687 /* PBXContainerItemProxy */ = {
			isa = PBXContainerItemProxy;
			containerPortal = 571C1A102F0F44EB002D7753 /* Project object */;
			proxyType = 1;
			remoteGlobalIDString = 57D34EF72F1C42C800FE92D8;
			remoteInfo = ProductivityStopwatchDeviceActivityReport;
		};
		571C1A292F0F44ED002D7753 /* PBXContainerItemProxy */ = {
			isa = PBXContainerItemProxy;
			containerPortal = 571C1A102F0F44EB002D7753 /* Project object */;
			proxyType = 1;
			remoteGlobalIDString = 571C1A172F0F44EB002D7753;
			remoteInfo = ProductivityStopwatch;
		};
		571C1A332F0F44ED002D7753 /* PBXContainerItemProxy */ = {
			isa = PBXContainerItemProxy;
			containerPortal = 571C1A102F0F44EB002D7753 /* Project object */;
			proxyType = 1;
			remoteGlobalIDString = 571C1A172F0F44EB002D7753;
			remoteInfo = ProductivityStopwatch;
		};
		57D34EE22F1C3B0F00FE92D8 /* PBXContainerItemProxy */ = {
			isa = PBXContainerItemProxy;
			containerPortal = 571C1A102F0F44EB002D7753 /* Project object */;
			proxyType = 1;
			remoteGlobalIDString = 57D34EDA2F1C3B0F00FE92D8;
			remoteInfo = ProductivityStopwatchDeviceActivityMonitor;
		};
/* End PBXContainerItemProxy section */

/* Begin PBXCopyFilesBuildPhase section */
		57008DFB2F1D6346008E3687 /* Embed ExtensionKit Extensions */ = {
			isa = PBXCopyFilesBuildPhase;
			buildActionMask = 2147483647;
			dstPath = "$(EXTENSIONS_FOLDER_PATH)";
			dstSubfolderSpec = 16;
			files = (
				57008DF82F1D6346008E3687 /* ProductivityStopwatchDeviceActivityReport.appex in Embed ExtensionKit Extensions */,
			);
			name = "Embed ExtensionKit Extensions";
			runOnlyForDeploymentPostprocessing = 0;
		};
		57DC711F2F133E3E00A9CE3B /* Embed Foundation Extensions */ = {
			isa = PBXCopyFilesBuildPhase;
			buildActionMask = 2147483647;
			dstPath = "";
			dstSubfolderSpec = 13;
			files = (
				57D34EE42F1C3B0F00FE92D8 /* ProductivityStopwatchDeviceActivityMonitor.appex in Embed Foundation Extensions */,
			);
			name = "Embed Foundation Extensions";
			runOnlyForDeploymentPostprocessing = 0;
		};
/* End PBXCopyFilesBuildPhase section */

/* Begin PBXFileReference section */
		57008DFC2F1D6396008E3687 /* AppInfo.swift */ = {isa = PBXFileReference; lastKnownFileType = sourcecode.swift; path = AppInfo.swift; sourceTree = "<group>"; };
		57008E002F1D9F4F008E3687 /* AppCatalog.swift */ = {isa = PBXFileReference; lastKnownFileType = sourcecode.swift; path = AppCatalog.swift; sourceTree = "<group>"; };
		571C1A182F0F44EB002D7753 /* ProductivityStopwatch.app */ = {isa = PBXFileReference; explicitFileType = wrapper.application; includeInIndex = 0; path = ProductivityStopwatch.app; sourceTree = BUILT_PRODUCTS_DIR; };
		571C1A1B2F0F44EB002D7753 /* ProductivityStopwatchApp.swift */ = {isa = PBXFileReference; lastKnownFileType = sourcecode.swift; path = ProductivityStopwatchApp.swift; sourceTree = "<group>"; };
		571C1A1D2F0F44EB002D7753 /* ContentView.swift */ = {isa = PBXFileReference; lastKnownFileType = sourcecode.swift; path = ContentView.swift; sourceTree = "<group>"; };
		571C1A1F2F0F44ED002D7753 /* Assets.xcassets */ = {isa = PBXFileReference; lastKnownFileType = folder.assetcatalog; path = Assets.xcassets; sourceTree = "<group>"; };
		571C1A222F0F44ED002D7753 /* Preview Assets.xcassets */ = {isa = PBXFileReference; lastKnownFileType = folder.assetcatalog; path = "Preview Assets.xcassets"; sourceTree = "<group>"; };
		571C1A282F0F44ED002D7753 /* ProductivityStopwatchTests.xctest */ = {isa = PBXFileReference; explicitFileType = wrapper.cfbundle; includeInIndex = 0; path = ProductivityStopwatchTests.xctest; sourceTree = BUILT_PRODUCTS_DIR; };
		571C1A2C2F0F44ED002D7753 /* ProductivityStopwatchTests.swift */ = {isa = PBXFileReference; lastKnownFileType = sourcecode.swift; path = ProductivityStopwatchTests.swift; sourceTree = "<group>"; };
		571C1A322F0F44ED002D7753 /* ProductivityStopwatchUITests.xctest */ = {isa = PBXFileReference; explicitFileType = wrapper.cfbundle; includeInIndex = 0; path = ProductivityStopwatchUITests.xctest; sourceTree = BUILT_PRODUCTS_DIR; };
		571C1A362F0F44ED002D7753 /* ProductivityStopwatchUITests.swift */ = {isa = PBXFileReference; lastKnownFileType = sourcecode.swift; path = ProductivityStopwatchUITests.swift; sourceTree = "<group>"; };
		571C1A382F0F44ED002D7753 /* ProductivityStopwatchUITestsLaunchTests.swift */ = {isa = PBXFileReference; lastKnownFileType = sourcecode.swift; path = ProductivityStopwatchUITestsLaunchTests.swift; sourceTree = "<group>"; };
		57D34ED32F1C361D00FE92D8 /* MonitoringManager.swift */ = {isa = PBXFileReference; lastKnownFileType = sourcecode.swift; path = MonitoringManager.swift; sourceTree = "<group>"; };
		57D34ED52F1C398300FE92D8 /* AppGroup.swift */ = {isa = PBXFileReference; lastKnownFileType = sourcecode.swift; path = AppGroup.swift; sourceTree = "<group>"; };
		57D34EDB2F1C3B0F00FE92D8 /* ProductivityStopwatchDeviceActivityMonitor.appex */ = {isa = PBXFileReference; explicitFileType = "wrapper.app-extension"; includeInIndex = 0; path = ProductivityStopwatchDeviceActivityMonitor.appex; sourceTree = BUILT_PRODUCTS_DIR; };
		57D34EDE2F1C3B0F00FE92D8 /* DeviceActivityMonitorExtension.swift */ = {isa = PBXFileReference; lastKnownFileType = sourcecode.swift; path = DeviceActivityMonitorExtension.swift; sourceTree = "<group>"; };
		57D34EE02F1C3B0F00FE92D8 /* Info.plist */ = {isa = PBXFileReference; lastKnownFileType = text.plist.xml; path = Info.plist; sourceTree = "<group>"; };
		57D34EE12F1C3B0F00FE92D8 /* ProductivityStopwatchDeviceActivityMonitor.entitlements */ = {isa = PBXFileReference; lastKnownFileType = text.plist.entitlements; path = ProductivityStopwatchDeviceActivityMonitor.entitlements; sourceTree = "<group>"; };
		57D34EF82F1C42C800FE92D8 /* ProductivityStopwatchDeviceActivityReport.appex */ = {isa = PBXFileReference; explicitFileType = "wrapper.extensionkit-extension"; includeInIndex = 0; path = ProductivityStopwatchDeviceActivityReport.appex; sourceTree = BUILT_PRODUCTS_DIR; };
		57D34EFA2F1C42C800FE92D8 /* ProductivityStopwatchDeviceActivityReport.swift */ = {isa = PBXFileReference; lastKnownFileType = sourcecode.swift; path = ProductivityStopwatchDeviceActivityReport.swift; sourceTree = "<group>"; };
		57D34EFC2F1C42C800FE92D8 /* TotalActivityReport.swift */ = {isa = PBXFileReference; lastKnownFileType = sourcecode.swift; path = TotalActivityReport.swift; sourceTree = "<group>"; };
		57D34EFE2F1C42C800FE92D8 /* TotalActivityView.swift */ = {isa = PBXFileReference; lastKnownFileType = sourcecode.swift; path = TotalActivityView.swift; sourceTree = "<group>"; };
		57D34F002F1C42C800FE92D8 /* Info.plist */ = {isa = PBXFileReference; lastKnownFileType = text.plist.xml; path = Info.plist; sourceTree = "<group>"; };
		57D34F012F1C42C800FE92D8 /* ProductivityStopwatchDeviceActivityReport.entitlements */ = {isa = PBXFileReference; lastKnownFileType = text.plist.entitlements; path = ProductivityStopwatchDeviceActivityReport.entitlements; sourceTree = "<group>"; };
		57DC710B2F133D5B00A9CE3B /* ProductivityStopwatch.entitlements */ = {isa = PBXFileReference; lastKnownFileType = text.plist.entitlements; path = ProductivityStopwatch.entitlements; sourceTree = "<group>"; };
		57DC71122F133E3E00A9CE3B /* DeviceActivity.framework */ = {isa = PBXFileReference; lastKnownFileType = wrapper.framework; name = DeviceActivity.framework; path = System/Library/Frameworks/DeviceActivity.framework; sourceTree = SDKROOT; };
		57DC71262F13418A00A9CE3B /* AuthorizationView.swift */ = {isa = PBXFileReference; lastKnownFileType = sourcecode.swift; path = AuthorizationView.swift; sourceTree = "<group>"; };
/* End PBXFileReference section */

/* Begin PBXFrameworksBuildPhase section */
		571C1A152F0F44EB002D7753 /* Frameworks */ = {
			isa = PBXFrameworksBuildPhase;
			buildActionMask = 2147483647;
			files = (
			);
			runOnlyForDeploymentPostprocessing = 0;
		};
		571C1A252F0F44ED002D7753 /* Frameworks */ = {
			isa = PBXFrameworksBuildPhase;
			buildActionMask = 2147483647;
			files = (
			);
			runOnlyForDeploymentPostprocessing = 0;
		};
		571C1A2F2F0F44ED002D7753 /* Frameworks */ = {
			isa = PBXFrameworksBuildPhase;
			buildActionMask = 2147483647;
			files = (
			);
			runOnlyForDeploymentPostprocessing = 0;
		};
		57D34ED82F1C3B0F00FE92D8 /* Frameworks */ = {
			isa = PBXFrameworksBuildPhase;
			buildActionMask = 2147483647;
			files = (
				57D34EDC2F1C3B0F00FE92D8 /* DeviceActivity.framework in Frameworks */,
			);
			runOnlyForDeploymentPostprocessing = 0;
		};
		57D34EF52F1C42C800FE92D8 /* Frameworks */ = {
			isa = PBXFrameworksBuildPhase;
			buildActionMask = 2147483647;
			files = (
			);
			runOnlyForDeploymentPostprocessing = 0;
		};
/* End PBXFrameworksBuildPhase section */

/* Begin PBXGroup section */
		571C1A0F2F0F44EB002D7753 = {
			isa = PBXGroup;
			children = (
				571C1A1A2F0F44EB002D7753 /* ProductivityStopwatch */,
				571C1A2B2F0F44ED002D7753 /* ProductivityStopwatchTests */,
				571C1A352F0F44ED002D7753 /* ProductivityStopwatchUITests */,
				57D34EDD2F1C3B0F00FE92D8 /* ProductivityStopwatchDeviceActivityMonitor */,
				57D34EF92F1C42C800FE92D8 /* ProductivityStopwatchDeviceActivityReport */,
				57DC71112F133E3E00A9CE3B /* Frameworks */,
				571C1A192F0F44EB002D7753 /* Products */,
			);
			sourceTree = "<group>";
		};
		571C1A192F0F44EB002D7753 /* Products */ = {
			isa = PBXGroup;
			children = (
				571C1A182F0F44EB002D7753 /* ProductivityStopwatch.app */,
				571C1A282F0F44ED002D7753 /* ProductivityStopwatchTests.xctest */,
				571C1A322F0F44ED002D7753 /* ProductivityStopwatchUITests.xctest */,
				57D34EDB2F1C3B0F00FE92D8 /* ProductivityStopwatchDeviceActivityMonitor.appex */,
				57D34EF82F1C42C800FE92D8 /* ProductivityStopwatchDeviceActivityReport.appex */,
			);
			name = Products;
			sourceTree = "<group>";
		};
		571C1A1A2F0F44EB002D7753 /* ProductivityStopwatch */ = {
			isa = PBXGroup;
			children = (
				57DC710B2F133D5B00A9CE3B /* ProductivityStopwatch.entitlements */,
				571C1A1B2F0F44EB002D7753 /* ProductivityStopwatchApp.swift */,
				571C1A1D2F0F44EB002D7753 /* ContentView.swift */,
				571C1A1F2F0F44ED002D7753 /* Assets.xcassets */,
				571C1A212F0F44ED002D7753 /* Preview Content */,
				57DC71262F13418A00A9CE3B /* AuthorizationView.swift */,
				57D34ED32F1C361D00FE92D8 /* MonitoringManager.swift */,
				57D34ED52F1C398300FE92D8 /* AppGroup.swift */,
				57008DFC2F1D6396008E3687 /* AppInfo.swift */,
				57008E002F1D9F4F008E3687 /* AppCatalog.swift */,
			);
			path = ProductivityStopwatch;
			sourceTree = "<group>";
		};
		571C1A212F0F44ED002D7753 /* Preview Content */ = {
			isa = PBXGroup;
			children = (
				571C1A222F0F44ED002D7753 /* Preview Assets.xcassets */,
			);
			path = "Preview Content";
			sourceTree = "<group>";
		};
		571C1A2B2F0F44ED002D7753 /* ProductivityStopwatchTests */ = {
			isa = PBXGroup;
			children = (
				571C1A2C2F0F44ED002D7753 /* ProductivityStopwatchTests.swift */,
			);
			path = ProductivityStopwatchTests;
			sourceTree = "<group>";
		};
		571C1A352F0F44ED002D7753 /* ProductivityStopwatchUITests */ = {
			isa = PBXGroup;
			children = (
				571C1A362F0F44ED002D7753 /* ProductivityStopwatchUITests.swift */,
				571C1A382F0F44ED002D7753 /* ProductivityStopwatchUITestsLaunchTests.swift */,
			);
			path = ProductivityStopwatchUITests;
			sourceTree = "<group>";
		};
		57D34EDD2F1C3B0F00FE92D8 /* ProductivityStopwatchDeviceActivityMonitor */ = {
			isa = PBXGroup;
			children = (
				57D34EDE2F1C3B0F00FE92D8 /* DeviceActivityMonitorExtension.swift */,
				57D34EE02F1C3B0F00FE92D8 /* Info.plist */,
				57D34EE12F1C3B0F00FE92D8 /* ProductivityStopwatchDeviceActivityMonitor.entitlements */,
			);
			path = ProductivityStopwatchDeviceActivityMonitor;
			sourceTree = "<group>";
		};
		57D34EF92F1C42C800FE92D8 /* ProductivityStopwatchDeviceActivityReport */ = {
			isa = PBXGroup;
			children = (
				57D34EFA2F1C42C800FE92D8 /* ProductivityStopwatchDeviceActivityReport.swift */,
				57D34EFC2F1C42C800FE92D8 /* TotalActivityReport.swift */,
				57D34EFE2F1C42C800FE92D8 /* TotalActivityView.swift */,
				57D34F002F1C42C800FE92D8 /* Info.plist */,
				57D34F012F1C42C800FE92D8 /* ProductivityStopwatchDeviceActivityReport.entitlements */,
			);
			path = ProductivityStopwatchDeviceActivityReport;
			sourceTree = "<group>";
		};
		57DC71112F133E3E00A9CE3B /* Frameworks */ = {
			isa = PBXGroup;
			children = (
				57DC71122F133E3E00A9CE3B /* DeviceActivity.framework */,
			);
			name = Frameworks;
			sourceTree = "<group>";
		};
/* End PBXGroup section */

/* Begin PBXNativeTarget section */
		571C1A172F0F44EB002D7753 /* ProductivityStopwatch */ = {
			isa = PBXNativeTarget;
			buildConfigurationList = 571C1A3C2F0F44ED002D7753 /* Build configuration list for PBXNativeTarget "ProductivityStopwatch" */;
			buildPhases = (
				571C1A142F0F44EB002D7753 /* Sources */,
				571C1A152F0F44EB002D7753 /* Frameworks */,
				571C1A162F0F44EB002D7753 /* Resources */,
				57DC711F2F133E3E00A9CE3B /* Embed Foundation Extensions */,
				57008DFB2F1D6346008E3687 /* Embed ExtensionKit Extensions */,
			);
			buildRules = (
			);
			dependencies = (
				57D34EE32F1C3B0F00FE92D8 /* PBXTargetDependency */,
				57008DFA2F1D6346008E3687 /* PBXTargetDependency */,
			);
			name = ProductivityStopwatch;
			packageProductDependencies = (
			);
			productName = ProductivityStopwatch;
			productReference = 571C1A182F0F44EB002D7753 /* ProductivityStopwatch.app */;
			productType = "com.apple.product-type.application";
		};
		571C1A272F0F44ED002D7753 /* ProductivityStopwatchTests */ = {
			isa = PBXNativeTarget;
			buildConfigurationList = 571C1A3F2F0F44ED002D7753 /* Build configuration list for PBXNativeTarget "ProductivityStopwatchTests" */;
			buildPhases = (
				571C1A242F0F44ED002D7753 /* Sources */,
				571C1A252F0F44ED002D7753 /* Frameworks */,
				571C1A262F0F44ED002D7753 /* Resources */,
			);
			buildRules = (
			);
			dependencies = (
				571C1A2A2F0F44ED002D7753 /* PBXTargetDependency */,
			);
			name = ProductivityStopwatchTests;
			productName = ProductivityStopwatchTests;
			productReference = 571C1A282F0F44ED002D7753 /* ProductivityStopwatchTests.xctest */;
			productType = "com.apple.product-type.bundle.unit-test";
		};
		571C1A312F0F44ED002D7753 /* ProductivityStopwatchUITests */ = {
			isa = PBXNativeTarget;
			buildConfigurationList = 571C1A422F0F44ED002D7753 /* Build configuration list for PBXNativeTarget "ProductivityStopwatchUITests" */;
			buildPhases = (
				571C1A2E2F0F44ED002D7753 /* Sources */,
				571C1A2F2F0F44ED002D7753 /* Frameworks */,
				571C1A302F0F44ED002D7753 /* Resources */,
			);
			buildRules = (
			);
			dependencies = (
				571C1A342F0F44ED002D7753 /* PBXTargetDependency */,
			);
			name = ProductivityStopwatchUITests;
			productName = ProductivityStopwatchUITests;
			productReference = 571C1A322F0F44ED002D7753 /* ProductivityStopwatchUITests.xctest */;
			productType = "com.apple.product-type.bundle.ui-testing";
		};
		57D34EDA2F1C3B0F00FE92D8 /* ProductivityStopwatchDeviceActivityMonitor */ = {
			isa = PBXNativeTarget;
			buildConfigurationList = 57D34EE52F1C3B0F00FE92D8 /* Build configuration list for PBXNativeTarget "ProductivityStopwatchDeviceActivityMonitor" */;
			buildPhases = (
				57D34ED72F1C3B0F00FE92D8 /* Sources */,
				57D34ED82F1C3B0F00FE92D8 /* Frameworks */,
				57D34ED92F1C3B0F00FE92D8 /* Resources */,
			);
			buildRules = (
			);
			dependencies = (
			);
			name = ProductivityStopwatchDeviceActivityMonitor;
			productName = ProductivityStopwatchDeviceActivityMonitor;
			productReference = 57D34EDB2F1C3B0F00FE92D8 /* ProductivityStopwatchDeviceActivityMonitor.appex */;
			productType = "com.apple.product-type.app-extension";
		};
		57D34EF72F1C42C800FE92D8 /* ProductivityStopwatchDeviceActivityReport */ = {
			isa = PBXNativeTarget;
			buildConfigurationList = 57D34F052F1C42C800FE92D8 /* Build configuration list for PBXNativeTarget "ProductivityStopwatchDeviceActivityReport" */;
			buildPhases = (
				57D34EF42F1C42C800FE92D8 /* Sources */,
				57D34EF52F1C42C800FE92D8 /* Frameworks */,
				57D34EF62F1C42C800FE92D8 /* Resources */,
			);
			buildRules = (
			);
			dependencies = (
			);
			name = ProductivityStopwatchDeviceActivityReport;
			productName = ProductivityStopwatchDeviceActivityReport;
			productReference = 57D34EF82F1C42C800FE92D8 /* ProductivityStopwatchDeviceActivityReport.appex */;
			productType = "com.apple.product-type.extensionkit-extension";
		};
/* End PBXNativeTarget section */

/* Begin PBXProject section */
		571C1A102F0F44EB002D7753 /* Project object */ = {
			isa = PBXProject;
			attributes = {
				BuildIndependentTargetsInParallel = 1;
				LastSwiftUpdateCheck = 1540;
				LastUpgradeCheck = 1540;
				TargetAttributes = {
					571C1A172F0F44EB002D7753 = {
						CreatedOnToolsVersion = 15.4;
					};
					571C1A272F0F44ED002D7753 = {
						CreatedOnToolsVersion = 15.4;
						TestTargetID = 571C1A172F0F44EB002D7753;
					};
					571C1A312F0F44ED002D7753 = {
						CreatedOnToolsVersion = 15.4;
						TestTargetID = 571C1A172F0F44EB002D7753;
					};
					57D34EDA2F1C3B0F00FE92D8 = {
						CreatedOnToolsVersion = 15.4;
					};
					57D34EF72F1C42C800FE92D8 = {
						CreatedOnToolsVersion = 15.4;
					};
				};
			};
			buildConfigurationList = 571C1A132F0F44EB002D7753 /* Build configuration list for PBXProject "ProductivityStopwatch" */;
			compatibilityVersion = "Xcode 14.0";
			developmentRegion = en;
			hasScannedForEncodings = 0;
			knownRegions = (
				en,
				Base,
			);
			mainGroup = 571C1A0F2F0F44EB002D7753;
			packageReferences = (
				57008DF52F1D5F25008E3687 /* XCRemoteSwiftPackageReference "swift-get-apps" */,
			);
			productRefGroup = 571C1A192F0F44EB002D7753 /* Products */;
			projectDirPath = "";
			projectRoot = "";
			targets = (
				571C1A172F0F44EB002D7753 /* ProductivityStopwatch */,
				571C1A272F0F44ED002D7753 /* ProductivityStopwatchTests */,
				571C1A312F0F44ED002D7753 /* ProductivityStopwatchUITests */,
				57D34EDA2F1C3B0F00FE92D8 /* ProductivityStopwatchDeviceActivityMonitor */,
				57D34EF72F1C42C800FE92D8 /* ProductivityStopwatchDeviceActivityReport */,
			);
		};
/* End PBXProject section */

/* Begin PBXResourcesBuildPhase section */
		571C1A162F0F44EB002D7753 /* Resources */ = {
			isa = PBXResourcesBuildPhase;
			buildActionMask = 2147483647;
			files = (
				571C1A232F0F44ED002D7753 /* Preview Assets.xcassets in Resources */,
				571C1A202F0F44ED002D7753 /* Assets.xcassets in Resources */,
			);
			runOnlyForDeploymentPostprocessing = 0;
		};
		571C1A262F0F44ED002D7753 /* Resources */ = {
			isa = PBXResourcesBuildPhase;
			buildActionMask = 2147483647;
			files = (
			);
			runOnlyForDeploymentPostprocessing = 0;
		};
		571C1A302F0F44ED002D7753 /* Resources */ = {
			isa = PBXResourcesBuildPhase;
			buildActionMask = 2147483647;
			files = (
			);
			runOnlyForDeploymentPostprocessing = 0;
		};
		57D34ED92F1C3B0F00FE92D8 /* Resources */ = {
			isa = PBXResourcesBuildPhase;
			buildActionMask = 2147483647;
			files = (
			);
			runOnlyForDeploymentPostprocessing = 0;
		};
		57D34EF62F1C42C800FE92D8 /* Resources */ = {
			isa = PBXResourcesBuildPhase;
			buildActionMask = 2147483647;
			files = (
			);
			runOnlyForDeploymentPostprocessing = 0;
		};
/* End PBXResourcesBuildPhase section */

/* Begin PBXSourcesBuildPhase section */
		571C1A142F0F44EB002D7753 /* Sources */ = {
			isa = PBXSourcesBuildPhase;
			buildActionMask = 2147483647;
			files = (
				57008E012F1D9F4F008E3687 /* AppCatalog.swift in Sources */,
				571C1A1E2F0F44EB002D7753 /* ContentView.swift in Sources */,
				57D34F0F2F1C4F1000FE92D8 /* MonitoringManager.swift in Sources */,
				57D34ED62F1C398300FE92D8 /* AppGroup.swift in Sources */,
				571C1A1C2F0F44EB002D7753 /* ProductivityStopwatchApp.swift in Sources */,
				57DC71272F13418A00A9CE3B /* AuthorizationView.swift in Sources */,
				57008DFD2F1D6396008E3687 /* AppInfo.swift in Sources */,
			);
			runOnlyForDeploymentPostprocessing = 0;
		};
		571C1A242F0F44ED002D7753 /* Sources */ = {
			isa = PBXSourcesBuildPhase;
			buildActionMask = 2147483647;
			files = (
				571C1A2D2F0F44ED002D7753 /* ProductivityStopwatchTests.swift in Sources */,
			);
			runOnlyForDeploymentPostprocessing = 0;
		};
		571C1A2E2F0F44ED002D7753 /* Sources */ = {
			isa = PBXSourcesBuildPhase;
			buildActionMask = 2147483647;
			files = (
				571C1A392F0F44ED002D7753 /* ProductivityStopwatchUITestsLaunchTests.swift in Sources */,
				571C1A372F0F44ED002D7753 /* ProductivityStopwatchUITests.swift in Sources */,
			);
			runOnlyForDeploymentPostprocessing = 0;
		};
		57D34ED72F1C3B0F00FE92D8 /* Sources */ = {
			isa = PBXSourcesBuildPhase;
			buildActionMask = 2147483647;
			files = (
				57D34EDF2F1C3B0F00FE92D8 /* DeviceActivityMonitorExtension.swift in Sources */,
				57008DFE2F1D7897008E3687 /* AppInfo.swift in Sources */,
				57D34F0B2F1C446600FE92D8 /* AppGroup.swift in Sources */,
				57D34F132F1C51EE00FE92D8 /* MonitoringManager.swift in Sources */,
			);
			runOnlyForDeploymentPostprocessing = 0;
		};
		57D34EF42F1C42C800FE92D8 /* Sources */ = {
			isa = PBXSourcesBuildPhase;
			buildActionMask = 2147483647;
			files = (
				57D34F0C2F1C446800FE92D8 /* AppGroup.swift in Sources */,
				57D34EFF2F1C42C800FE92D8 /* TotalActivityView.swift in Sources */,
				57D34F142F1C51EE00FE92D8 /* MonitoringManager.swift in Sources */,
				57D34EFB2F1C42C800FE92D8 /* ProductivityStopwatchDeviceActivityReport.swift in Sources */,
				57D34EFD2F1C42C800FE92D8 /* TotalActivityReport.swift in Sources */,
				57008DFF2F1D7898008E3687 /* AppInfo.swift in Sources */,
			);
			runOnlyForDeploymentPostprocessing = 0;
		};
/* End PBXSourcesBuildPhase section */

/* Begin PBXTargetDependency section */
		57008DFA2F1D6346008E3687 /* PBXTargetDependency */ = {
			isa = PBXTargetDependency;
			target = 57D34EF72F1C42C800FE92D8 /* ProductivityStopwatchDeviceActivityReport */;
			targetProxy = 57008DF92F1D6346008E3687 /* PBXContainerItemProxy */;
		};
		571C1A2A2F0F44ED002D7753 /* PBXTargetDependency */ = {
			isa = PBXTargetDependency;
			target = 571C1A172F0F44EB002D7753 /* ProductivityStopwatch */;
			targetProxy = 571C1A292F0F44ED002D7753 /* PBXContainerItemProxy */;
		};
		571C1A342F0F44ED002D7753 /* PBXTargetDependency */ = {
			isa = PBXTargetDependency;
			target = 571C1A172F0F44EB002D7753 /* ProductivityStopwatch */;
			targetProxy = 571C1A332F0F44ED002D7753 /* PBXContainerItemProxy */;
		};
		57D34EE32F1C3B0F00FE92D8 /* PBXTargetDependency */ = {
			isa = PBXTargetDependency;
			target = 57D34EDA2F1C3B0F00FE92D8 /* ProductivityStopwatchDeviceActivityMonitor */;
			targetProxy = 57D34EE22F1C3B0F00FE92D8 /* PBXContainerItemProxy */;
		};
/* End PBXTargetDependency section */

/* Begin XCBuildConfiguration section */
		571C1A3A2F0F44ED002D7753 /* Debug */ = {
			isa = XCBuildConfiguration;
			buildSettings = {
				ALWAYS_SEARCH_USER_PATHS = NO;
				ASSETCATALOG_COMPILER_GENERATE_SWIFT_ASSET_SYMBOL_EXTENSIONS = YES;
				CLANG_ANALYZER_NONNULL = YES;
				CLANG_ANALYZER_NUMBER_OBJECT_CONVERSION = YES_AGGRESSIVE;
				CLANG_CXX_LANGUAGE_STANDARD = "gnu++20";
				CLANG_ENABLE_MODULES = YES;
				CLANG_ENABLE_OBJC_ARC = YES;
				CLANG_ENABLE_OBJC_WEAK = YES;
				CLANG_WARN_BLOCK_CAPTURE_AUTORELEASING = YES;
				CLANG_WARN_BOOL_CONVERSION = YES;
				CLANG_WARN_COMMA = YES;
				CLANG_WARN_CONSTANT_CONVERSION = YES;
				CLANG_WARN_DEPRECATED_OBJC_IMPLEMENTATIONS = YES;
				CLANG_WARN_DIRECT_OBJC_ISA_USAGE = YES_ERROR;
				CLANG_WARN_DOCUMENTATION_COMMENTS = YES;
				CLANG_WARN_EMPTY_BODY = YES;
				CLANG_WARN_ENUM_CONVERSION = YES;
				CLANG_WARN_INFINITE_RECURSION = YES;
				CLANG_WARN_INT_CONVERSION = YES;
				CLANG_WARN_NON_LITERAL_NULL_CONVERSION = YES;
				CLANG_WARN_OBJC_IMPLICIT_RETAIN_SELF = YES;
				CLANG_WARN_OBJC_LITERAL_CONVERSION = YES;
				CLANG_WARN_OBJC_ROOT_CLASS = YES_ERROR;
				CLANG_WARN_QUOTED_INCLUDE_IN_FRAMEWORK_HEADER = YES;
				CLANG_WARN_RANGE_LOOP_ANALYSIS = YES;
				CLANG_WARN_STRICT_PROTOTYPES = YES;
				CLANG_WARN_SUSPICIOUS_MOVE = YES;
				CLANG_WARN_UNGUARDED_AVAILABILITY = YES_AGGRESSIVE;
				CLANG_WARN_UNREACHABLE_CODE = YES;
				CLANG_WARN__DUPLICATE_METHOD_MATCH = YES;
				COPY_PHASE_STRIP = NO;
				DEBUG_INFORMATION_FORMAT = dwarf;
				ENABLE_STRICT_OBJC_MSGSEND = YES;
				ENABLE_TESTABILITY = YES;
				ENABLE_USER_SCRIPT_SANDBOXING = YES;
				GCC_C_LANGUAGE_STANDARD = gnu17;
				GCC_DYNAMIC_NO_PIC = NO;
				GCC_NO_COMMON_BLOCKS = YES;
				GCC_OPTIMIZATION_LEVEL = 0;
				GCC_PREPROCESSOR_DEFINITIONS = (
					"DEBUG=1",
					"$(inherited)",
				);
				GCC_WARN_64_TO_32_BIT_CONVERSION = YES;
				GCC_WARN_ABOUT_RETURN_TYPE = YES_ERROR;
				GCC_WARN_UNDECLARED_SELECTOR = YES;
				GCC_WARN_UNINITIALIZED_AUTOS = YES_AGGRESSIVE;
				GCC_WARN_UNUSED_FUNCTION = YES;
				GCC_WARN_UNUSED_VARIABLE = YES;
				IPHONEOS_DEPLOYMENT_TARGET = 17.5;
				LOCALIZATION_PREFERS_STRING_CATALOGS = YES;
				MTL_ENABLE_DEBUG_INFO = INCLUDE_SOURCE;
				MTL_FAST_MATH = YES;
				ONLY_ACTIVE_ARCH = YES;
				SDKROOT = iphoneos;
				SWIFT_ACTIVE_COMPILATION_CONDITIONS = "DEBUG $(inherited)";
				SWIFT_OPTIMIZATION_LEVEL = "-Onone";
			};
			name = Debug;
		};
		571C1A3B2F0F44ED002D7753 /* Release */ = {
			isa = XCBuildConfiguration;
			buildSettings = {
				ALWAYS_SEARCH_USER_PATHS = NO;
				ASSETCATALOG_COMPILER_GENERATE_SWIFT_ASSET_SYMBOL_EXTENSIONS = YES;
				CLANG_ANALYZER_NONNULL = YES;
				CLANG_ANALYZER_NUMBER_OBJECT_CONVERSION = YES_AGGRESSIVE;
				CLANG_CXX_LANGUAGE_STANDARD = "gnu++20";
				CLANG_ENABLE_MODULES = YES;
				CLANG_ENABLE_OBJC_ARC = YES;
				CLANG_ENABLE_OBJC_WEAK = YES;
				CLANG_WARN_BLOCK_CAPTURE_AUTORELEASING = YES;
				CLANG_WARN_BOOL_CONVERSION = YES;
				CLANG_WARN_COMMA = YES;
				CLANG_WARN_CONSTANT_CONVERSION = YES;
				CLANG_WARN_DEPRECATED_OBJC_IMPLEMENTATIONS = YES;
				CLANG_WARN_DIRECT_OBJC_ISA_USAGE = YES_ERROR;
				CLANG_WARN_DOCUMENTATION_COMMENTS = YES;
				CLANG_WARN_EMPTY_BODY = YES;
				CLANG_WARN_ENUM_CONVERSION = YES;
				CLANG_WARN_INFINITE_RECURSION = YES;
				CLANG_WARN_INT_CONVERSION = YES;
				CLANG_WARN_NON_LITERAL_NULL_CONVERSION = YES;
				CLANG_WARN_OBJC_IMPLICIT_RETAIN_SELF = YES;
				CLANG_WARN_OBJC_LITERAL_CONVERSION = YES;
				CLANG_WARN_OBJC_ROOT_CLASS = YES_ERROR;
				CLANG_WARN_QUOTED_INCLUDE_IN_FRAMEWORK_HEADER = YES;
				CLANG_WARN_RANGE_LOOP_ANALYSIS = YES;
				CLANG_WARN_STRICT_PROTOTYPES = YES;
				CLANG_WARN_SUSPICIOUS_MOVE = YES;
				CLANG_WARN_UNGUARDED_AVAILABILITY = YES_AGGRESSIVE;
				CLANG_WARN_UNREACHABLE_CODE = YES;
				CLANG_WARN__DUPLICATE_METHOD_MATCH = YES;
				COPY_PHASE_STRIP = NO;
				DEBUG_INFORMATION_FORMAT = "dwarf-with-dsym";
				ENABLE_NS_ASSERTIONS = NO;
				ENABLE_STRICT_OBJC_MSGSEND = YES;
				ENABLE_USER_SCRIPT_SANDBOXING = YES;
				GCC_C_LANGUAGE_STANDARD = gnu17;
				GCC_NO_COMMON_BLOCKS = YES;
				GCC_WARN_64_TO_32_BIT_CONVERSION = YES;
				GCC_WARN_ABOUT_RETURN_TYPE = YES_ERROR;
				GCC_WARN_UNDECLARED_SELECTOR = YES;
				GCC_WARN_UNINITIALIZED_AUTOS = YES_AGGRESSIVE;
				GCC_WARN_UNUSED_FUNCTION = YES;
				GCC_WARN_UNUSED_VARIABLE = YES;
				IPHONEOS_DEPLOYMENT_TARGET = 17.5;
				LOCALIZATION_PREFERS_STRING_CATALOGS = YES;
				MTL_ENABLE_DEBUG_INFO = NO;
				MTL_FAST_MATH = YES;
				SDKROOT = iphoneos;
				SWIFT_COMPILATION_MODE = wholemodule;
				VALIDATE_PRODUCT = YES;
			};
			name = Release;
		};
		571C1A3D2F0F44ED002D7753 /* Debug */ = {
			isa = XCBuildConfiguration;
			buildSettings = {
				ALWAYS_EMBED_SWIFT_STANDARD_LIBRARIES = YES;
				ASSETCATALOG_COMPILER_APPICON_NAME = AppIcon;
				ASSETCATALOG_COMPILER_GLOBAL_ACCENT_COLOR_NAME = AccentColor;
				CODE_SIGN_ENTITLEMENTS = ProductivityStopwatch/ProductivityStopwatch.entitlements;
				CODE_SIGN_STYLE = Automatic;
				CURRENT_PROJECT_VERSION = 1;
				DEVELOPMENT_ASSET_PATHS = "\"ProductivityStopwatch/Preview Content\"";
				ENABLE_PREVIEWS = YES;
				GENERATE_INFOPLIST_FILE = YES;
				INFOPLIST_KEY_UIApplicationSceneManifest_Generation = YES;
				INFOPLIST_KEY_UIApplicationSupportsIndirectInputEvents = YES;
				INFOPLIST_KEY_UILaunchScreen_Generation = YES;
				INFOPLIST_KEY_UISupportedInterfaceOrientations_iPad = "UIInterfaceOrientationPortrait UIInterfaceOrientationPortraitUpsideDown UIInterfaceOrientationLandscapeLeft UIInterfaceOrientationLandscapeRight";
				INFOPLIST_KEY_UISupportedInterfaceOrientations_iPhone = "UIInterfaceOrientationPortrait UIInterfaceOrientationLandscapeLeft UIInterfaceOrientationLandscapeRight";
				LD_RUNPATH_SEARCH_PATHS = (
					"$(inherited)",
					"@executable_path/Frameworks",
				);
				MARKETING_VERSION = 1.0;
				PRODUCT_BUNDLE_IDENTIFIER = com.esmedley.ProductivityStopwatch;
				PRODUCT_NAME = "$(TARGET_NAME)";
				SWIFT_EMIT_LOC_STRINGS = YES;
				SWIFT_VERSION = 5.0;
				TARGETED_DEVICE_FAMILY = "1,2";
			};
			name = Debug;
		};
		571C1A3E2F0F44ED002D7753 /* Release */ = {
			isa = XCBuildConfiguration;
			buildSettings = {
				ALWAYS_EMBED_SWIFT_STANDARD_LIBRARIES = YES;
				ASSETCATALOG_COMPILER_APPICON_NAME = AppIcon;
				ASSETCATALOG_COMPILER_GLOBAL_ACCENT_COLOR_NAME = AccentColor;
				CODE_SIGN_ENTITLEMENTS = ProductivityStopwatch/ProductivityStopwatch.entitlements;
				CODE_SIGN_STYLE = Automatic;
				CURRENT_PROJECT_VERSION = 1;
				DEVELOPMENT_ASSET_PATHS = "\"ProductivityStopwatch/Preview Content\"";
				ENABLE_PREVIEWS = YES;
				GENERATE_INFOPLIST_FILE = YES;
				INFOPLIST_KEY_UIApplicationSceneManifest_Generation = YES;
				INFOPLIST_KEY_UIApplicationSupportsIndirectInputEvents = YES;
				INFOPLIST_KEY_UILaunchScreen_Generation = YES;
				INFOPLIST_KEY_UISupportedInterfaceOrientations_iPad = "UIInterfaceOrientationPortrait UIInterfaceOrientationPortraitUpsideDown UIInterfaceOrientationLandscapeLeft UIInterfaceOrientationLandscapeRight";
				INFOPLIST_KEY_UISupportedInterfaceOrientations_iPhone = "UIInterfaceOrientationPortrait UIInterfaceOrientationLandscapeLeft UIInterfaceOrientationLandscapeRight";
				LD_RUNPATH_SEARCH_PATHS = (
					"$(inherited)",
					"@executable_path/Frameworks",
				);
				MARKETING_VERSION = 1.0;
				PRODUCT_BUNDLE_IDENTIFIER = com.esmedley.ProductivityStopwatch;
				PRODUCT_NAME = "$(TARGET_NAME)";
				SWIFT_EMIT_LOC_STRINGS = YES;
				SWIFT_VERSION = 5.0;
				TARGETED_DEVICE_FAMILY = "1,2";
			};
			name = Release;
		};
		571C1A402F0F44ED002D7753 /* Debug */ = {
			isa = XCBuildConfiguration;
			buildSettings = {
				ALWAYS_EMBED_SWIFT_STANDARD_LIBRARIES = YES;
				BUNDLE_LOADER = "$(TEST_HOST)";
				CODE_SIGN_STYLE = Automatic;
				CURRENT_PROJECT_VERSION = 1;
				GENERATE_INFOPLIST_FILE = YES;
				IPHONEOS_DEPLOYMENT_TARGET = 17.5;
				MARKETING_VERSION = 1.0;
				PRODUCT_BUNDLE_IDENTIFIER = com.esmedley.ProductivityStopwatchTests;
				PRODUCT_NAME = "$(TARGET_NAME)";
				SWIFT_EMIT_LOC_STRINGS = NO;
				SWIFT_VERSION = 5.0;
				TARGETED_DEVICE_FAMILY = "1,2";
				TEST_HOST = "$(BUILT_PRODUCTS_DIR)/ProductivityStopwatch.app/$(BUNDLE_EXECUTABLE_FOLDER_PATH)/ProductivityStopwatch";
			};
			name = Debug;
		};
		571C1A412F0F44ED002D7753 /* Release */ = {
			isa = XCBuildConfiguration;
			buildSettings = {
				ALWAYS_EMBED_SWIFT_STANDARD_LIBRARIES = YES;
				BUNDLE_LOADER = "$(TEST_HOST)";
				CODE_SIGN_STYLE = Automatic;
				CURRENT_PROJECT_VERSION = 1;
				GENERATE_INFOPLIST_FILE = YES;
				IPHONEOS_DEPLOYMENT_TARGET = 17.5;
				MARKETING_VERSION = 1.0;
				PRODUCT_BUNDLE_IDENTIFIER = com.esmedley.ProductivityStopwatchTests;
				PRODUCT_NAME = "$(TARGET_NAME)";
				SWIFT_EMIT_LOC_STRINGS = NO;
				SWIFT_VERSION = 5.0;
				TARGETED_DEVICE_FAMILY = "1,2";
				TEST_HOST = "$(BUILT_PRODUCTS_DIR)/ProductivityStopwatch.app/$(BUNDLE_EXECUTABLE_FOLDER_PATH)/ProductivityStopwatch";
			};
			name = Release;
		};
		571C1A432F0F44ED002D7753 /* Debug */ = {
			isa = XCBuildConfiguration;
			buildSettings = {
				ALWAYS_EMBED_SWIFT_STANDARD_LIBRARIES = YES;
				CODE_SIGN_STYLE = Automatic;
				CURRENT_PROJECT_VERSION = 1;
				GENERATE_INFOPLIST_FILE = YES;
				MARKETING_VERSION = 1.0;
				PRODUCT_BUNDLE_IDENTIFIER = com.esmedley.ProductivityStopwatchUITests;
				PRODUCT_NAME = "$(TARGET_NAME)";
				SWIFT_EMIT_LOC_STRINGS = NO;
				SWIFT_VERSION = 5.0;
				TARGETED_DEVICE_FAMILY = "1,2";
				TEST_TARGET_NAME = ProductivityStopwatch;
			};
			name = Debug;
		};
		571C1A442F0F44ED002D7753 /* Release */ = {
			isa = XCBuildConfiguration;
			buildSettings = {
				ALWAYS_EMBED_SWIFT_STANDARD_LIBRARIES = YES;
				CODE_SIGN_STYLE = Automatic;
				CURRENT_PROJECT_VERSION = 1;
				GENERATE_INFOPLIST_FILE = YES;
				MARKETING_VERSION = 1.0;
				PRODUCT_BUNDLE_IDENTIFIER = com.esmedley.ProductivityStopwatchUITests;
				PRODUCT_NAME = "$(TARGET_NAME)";
				SWIFT_EMIT_LOC_STRINGS = NO;
				SWIFT_VERSION = 5.0;
				TARGETED_DEVICE_FAMILY = "1,2";
				TEST_TARGET_NAME = ProductivityStopwatch;
			};
			name = Release;
		};
		57D34EE62F1C3B0F00FE92D8 /* Debug */ = {
			isa = XCBuildConfiguration;
			buildSettings = {
				CODE_SIGN_ENTITLEMENTS = ProductivityStopwatchDeviceActivityMonitor/ProductivityStopwatchDeviceActivityMonitor.entitlements;
				CODE_SIGN_STYLE = Automatic;
				CURRENT_PROJECT_VERSION = 1;
				GENERATE_INFOPLIST_FILE = YES;
				INFOPLIST_FILE = ProductivityStopwatchDeviceActivityMonitor/Info.plist;
				INFOPLIST_KEY_CFBundleDisplayName = ProductivityStopwatchDeviceActivityMonitor;
				INFOPLIST_KEY_NSHumanReadableCopyright = "";
				LD_RUNPATH_SEARCH_PATHS = (
					"$(inherited)",
					"@executable_path/Frameworks",
					"@executable_path/../../Frameworks",
				);
				MARKETING_VERSION = 1.0;
				PRODUCT_BUNDLE_IDENTIFIER = com.esmedley.ProductivityStopwatch.ProductivityStopwatchDeviceActivityMonitor;
				PRODUCT_NAME = "$(TARGET_NAME)";
				SKIP_INSTALL = YES;
				SWIFT_EMIT_LOC_STRINGS = YES;
				SWIFT_VERSION = 5.0;
				TARGETED_DEVICE_FAMILY = "1,2";
			};
			name = Debug;
		};
		57D34EE72F1C3B0F00FE92D8 /* Release */ = {
			isa = XCBuildConfiguration;
			buildSettings = {
				CODE_SIGN_ENTITLEMENTS = ProductivityStopwatchDeviceActivityMonitor/ProductivityStopwatchDeviceActivityMonitor.entitlements;
				CODE_SIGN_STYLE = Automatic;
				CURRENT_PROJECT_VERSION = 1;
				GENERATE_INFOPLIST_FILE = YES;
				INFOPLIST_FILE = ProductivityStopwatchDeviceActivityMonitor/Info.plist;
				INFOPLIST_KEY_CFBundleDisplayName = ProductivityStopwatchDeviceActivityMonitor;
				INFOPLIST_KEY_NSHumanReadableCopyright = "";
				LD_RUNPATH_SEARCH_PATHS = (
					"$(inherited)",
					"@executable_path/Frameworks",
					"@executable_path/../../Frameworks",
				);
				MARKETING_VERSION = 1.0;
				PRODUCT_BUNDLE_IDENTIFIER = com.esmedley.ProductivityStopwatch.ProductivityStopwatchDeviceActivityMonitor;
				PRODUCT_NAME = "$(TARGET_NAME)";
				SKIP_INSTALL = YES;
				SWIFT_EMIT_LOC_STRINGS = YES;
				SWIFT_VERSION = 5.0;
				TARGETED_DEVICE_FAMILY = "1,2";
			};
			name = Release;
		};
		57D34F062F1C42C800FE92D8 /* Debug */ = {
			isa = XCBuildConfiguration;
			buildSettings = {
				CODE_SIGN_ENTITLEMENTS = ProductivityStopwatchDeviceActivityReport/ProductivityStopwatchDeviceActivityReport.entitlements;
				CODE_SIGN_STYLE = Automatic;
				CURRENT_PROJECT_VERSION = 1;
				DEVELOPMENT_TEAM = 9SBT2247J6;
				GENERATE_INFOPLIST_FILE = YES;
				INFOPLIST_FILE = ProductivityStopwatchDeviceActivityReport/Info.plist;
				INFOPLIST_KEY_CFBundleDisplayName = ProductivityStopwatchDeviceActivityReport;
				INFOPLIST_KEY_NSHumanReadableCopyright = "";
				LD_RUNPATH_SEARCH_PATHS = (
					"$(inherited)",
					"@executable_path/Frameworks",
					"@executable_path/../../Frameworks",
				);
				MARKETING_VERSION = 1.0;
				PRODUCT_BUNDLE_IDENTIFIER = com.esmedley.ProductivityStopwatch.ProductivityStopwatchDeviceActivityReport;
				PRODUCT_NAME = "$(TARGET_NAME)";
				SKIP_INSTALL = YES;
				SWIFT_EMIT_LOC_STRINGS = YES;
				SWIFT_VERSION = 5.0;
				TARGETED_DEVICE_FAMILY = "1,2";
			};
			name = Debug;
		};
		57D34F072F1C42C800FE92D8 /* Release */ = {
			isa = XCBuildConfiguration;
			buildSettings = {
				CODE_SIGN_ENTITLEMENTS = ProductivityStopwatchDeviceActivityReport/ProductivityStopwatchDeviceActivityReport.entitlements;
				CODE_SIGN_STYLE = Automatic;
				CURRENT_PROJECT_VERSION = 1;
				DEVELOPMENT_TEAM = 9SBT2247J6;
				GENERATE_INFOPLIST_FILE = YES;
				INFOPLIST_FILE = ProductivityStopwatchDeviceActivityReport/Info.plist;
				INFOPLIST_KEY_CFBundleDisplayName = ProductivityStopwatchDeviceActivityReport;
				INFOPLIST_KEY_NSHumanReadableCopyright = "";
				LD_RUNPATH_SEARCH_PATHS = (
					"$(inherited)",
					"@executable_path/Frameworks",
					"@executable_path/../../Frameworks",
				);
				MARKETING_VERSION = 1.0;
				PRODUCT_BUNDLE_IDENTIFIER = com.esmedley.ProductivityStopwatch.ProductivityStopwatchDeviceActivityReport;
				PRODUCT_NAME = "$(TARGET_NAME)";
				SKIP_INSTALL = YES;
				SWIFT_EMIT_LOC_STRINGS = YES;
				SWIFT_VERSION = 5.0;
				TARGETED_DEVICE_FAMILY = "1,2";
			};
			name = Release;
		};
/* End XCBuildConfiguration section */

/* Begin XCConfigurationList section */
		571C1A132F0F44EB002D7753 /* Build configuration list for PBXProject "ProductivityStopwatch" */ = {
			isa = XCConfigurationList;
			buildConfigurations = (
				571C1A3A2F0F44ED002D7753 /* Debug */,
				571C1A3B2F0F44ED002D7753 /* Release */,
			);
			defaultConfigurationIsVisible = 0;
			defaultConfigurationName = Release;
		};
		571C1A3C2F0F44ED002D7753 /* Build configuration list for PBXNativeTarget "ProductivityStopwatch" */ = {
			isa = XCConfigurationList;
			buildConfigurations = (
				571C1A3D2F0F44ED002D7753 /* Debug */,
				571C1A3E2F0F44ED002D7753 /* Release */,
			);
			defaultConfigurationIsVisible = 0;
			defaultConfigurationName = Release;
		};
		571C1A3F2F0F44ED002D7753 /* Build configuration list for PBXNativeTarget "ProductivityStopwatchTests" */ = {
			isa = XCConfigurationList;
			buildConfigurations = (
				571C1A402F0F44ED002D7753 /* Debug */,
				571C1A412F0F44ED002D7753 /* Release */,
			);
			defaultConfigurationIsVisible = 0;
			defaultConfigurationName = Release;
		};
		571C1A422F0F44ED002D7753 /* Build configuration list for PBXNativeTarget "ProductivityStopwatchUITests" */ = {
			isa = XCConfigurationList;
			buildConfigurations = (
				571C1A432F0F44ED002D7753 /* Debug */,
				571C1A442F0F44ED002D7753 /* Release */,
			);
			defaultConfigurationIsVisible = 0;
			defaultConfigurationName = Release;
		};
		57D34EE52F1C3B0F00FE92D8 /* Build configuration list for PBXNativeTarget "ProductivityStopwatchDeviceActivityMonitor" */ = {
			isa = XCConfigurationList;
			buildConfigurations = (
				57D34EE62F1C3B0F00FE92D8 /* Debug */,
				57D34EE72F1C3B0F00FE92D8 /* Release */,
			);
			defaultConfigurationIsVisible = 0;
			defaultConfigurationName = Release;
		};
		57D34F052F1C42C800FE92D8 /* Build configuration list for PBXNativeTarget "ProductivityStopwatchDeviceActivityReport" */ = {
			isa = XCConfigurationList;
			buildConfigurations = (
				57D34F062F1C42C800FE92D8 /* Debug */,
				57D34F072F1C42C800FE92D8 /* Release */,
			);
			defaultConfigurationIsVisible = 0;
			defaultConfigurationName = Release;
		};
/* End XCConfigurationList section */

/* Begin XCRemoteSwiftPackageReference section */
		57008DF52F1D5F25008E3687 /* XCRemoteSwiftPackageReference "swift-get-apps" */ = {
			isa = XCRemoteSwiftPackageReference;
			repositoryURL = "https://github.com/ghall89/swift-get-apps.git";
			requirement = {
				branch = main;
				kind = branch;
			};
		};
/* End XCRemoteSwiftPackageReference section */
	};
	rootObject = 571C1A102F0F44EB002D7753 /* Project object */;
}
